
Microsoft Visual Studio Solution File, Format Version 12.00
# Visual Studio 15
VisualStudioVersion = 15.0.26430.14
MinimumVisualStudioVersion = 10.0.40219.1
Project("{2150E333-8FDC-42A3-9474-1A3956D46DE8}") = "src", "src", "{0E340E14-8C7B-4635-8E2F-DDD560F6F169}"
EndProject
Project("{9A19103F-16F7-4668-BE54-9A1E7A4F7556}") = "CodingMilitia.PollySampleApplication", "src\CodingMilitia.PollySampleApplication\CodingMilitia.PollySampleApplication.csproj", "{FAFA4305-F8C7-4677-8B66-ACD5A1655EA9}"
EndProject
Global
	GlobalSection(SolutionConfigurationPlatforms) = preSolution
		Debug|Any CPU = Debug|Any CPU
		Release|Any CPU = Release|Any CPU
	EndGlobalSection
	GlobalSection(ProjectConfigurationPlatforms) = postSolution
		{FAFA4305-F8C7-4677-8B66-ACD5A1655EA9}.Debug|Any CPU.ActiveCfg = Debug|Any CPU
		{FAFA4305-F8C7-4677-8B66-ACD5A1655EA9}.Debug|Any CPU.Build.0 = Debug|Any CPU
		{FAFA4305-F8C7-4677-8B66-ACD5A1655EA9}.Release|Any CPU.ActiveCfg = Release|Any CPU
		{FAFA4305-F8C7-4677-8B66-ACD5A1655EA9}.Release|Any CPU.Build.0 = Release|Any CPU
	EndGlobalSection
	GlobalSection(SolutionProperties) = preSolution
		HideSolutionNode = FALSE
	EndGlobalSection
	GlobalSection(NestedProjects) = preSolution
		{FAFA4305-F8C7-4677-8B66-ACD5A1655EA9} = {0E340E14-8C7B-4635-8E2F-DDD560F6F169}
	EndGlobalSection
EndGlobal
